
Microsoft Visual Studio Solution File, Format Version 12.00
# Visual Studio Version 17
VisualStudioVersion = 17.14.36109.1 d17.14
MinimumVisualStudioVersion = 10.0.40219.1
Project("{FAE04EC0-301F-11D3-BF4B-00C04F79EFBC}") = "ContactApi", "ContactApi\ContactApi.csproj", "{D61007DF-6282-46B8-82CE-51F77536C1F1}"
EndProject
Global
	GlobalSection(SolutionConfigurationPlatforms) = preSolution
		Debug|Any CPU = Debug|Any CPU
		Release|Any CPU = Release|Any CPU
	EndGlobalSection
	GlobalSection(ProjectConfigurationPlatforms) = postSolution
		{D61007DF-6282-46B8-82CE-51F77536C1F1}.Debug|Any CPU.ActiveCfg = Debug|Any CPU
		{D61007DF-6282-46B8-82CE-51F77536C1F1}.Debug|Any CPU.Build.0 = Debug|Any CPU
		{D61007DF-6282-46B8-82CE-51F77536C1F1}.Release|Any CPU.ActiveCfg = Release|Any CPU
		{D61007DF-6282-46B8-82CE-51F77536C1F1}.Release|Any CPU.Build.0 = Release|Any CPU
	EndGlobalSection
	GlobalSection(SolutionProperties) = preSolution
		HideSolutionNode = FALSE
	EndGlobalSection
	GlobalSection(ExtensibilityGlobals) = postSolution
		SolutionGuid = {F6F4D695-1D1C-4AF2-B00D-74188B64924A}
	EndGlobalSection
EndGlobal
